{
  "name": "picamera",
  "lockfileVersion": 3,
  "requires": true,
  "packages": {
    "": {
      "dependencies": {
        "app-framework-opacity": "^1.1.4"
      }
    },
    "node_modules/app-framework-opacity": {
      "version": "1.1.5",
      "resolved": "https://registry.npmjs.org/app-framework-opacity/-/app-framework-opacity-1.1.5.tgz",
      "integrity": "sha512-hPtgMBYE5bAF+w4Iiy/Ybc4nvkMvQKCas4g1CuLQnvH5XpPg6sgQtNF6cG9oOm5De7ImvGyzNF6jytxbQA8JEA==",
      "dependencies": {
        "uuid": "^9.0.1"
      }
    },
    "node_modules/uuid": {
      "version": "9.0.1",
      "resolved": "https://registry.npmjs.org/uuid/-/uuid-9.0.1.tgz",
      "integrity": "sha512-b+1eJOlsR9K8HJpow9Ok3fiWOWSIcIzXodvv0rQjVoOVNpWMpxf1wZNpt4y9h10odCNrqnYp1OBzRktckBe3sA==",
      "funding": [
        "https://github.com/sponsors/broofa",
        "https://github.com/sponsors/ctavan"
      ],
      "bin": {
        "uuid": "dist/bin/uuid"
      }
    }
  }
}
